
Microsoft Visual Studio Solution File, Format Version 12.00
# Visual Studio Version 17
VisualStudioVersion = 17.0.31903.59
MinimumVisualStudioVersion = 10.0.40219.1
Project("{2150E333-8FDC-42A3-9474-1A3956D46DE8}") = "src", "src", "{827E0CD3-B72D-47B6-A68D-7590B98EB39B}"
EndProject
Project("{FAE04EC0-301F-11D3-BF4B-00C04F79EFBC}") = "Framework.Domain", "src\Framework.Domain\Framework.Domain.csproj", "{A2E78BB8-19F3-4DE5-8D4F-C12697A52133}"
EndProject
Project("{FAE04EC0-301F-11D3-BF4B-00C04F79EFBC}") = "Framework.Application", "src\Framework.Application\Framework.Application.csproj", "{5A5C3A1A-C911-4CED-80CF-580EE30A4596}"
EndProject
Project("{FAE04EC0-301F-11D3-BF4B-00C04F79EFBC}") = "Framework.Infrastructure", "src\Framework.Infrastructure\Framework.Infrastructure.csproj", "{BF2CAC76-AD03-4F22-B7DD-0E2A8B8AF443}"
EndProject
Project("{FAE04EC0-301F-11D3-BF4B-00C04F79EFBC}") = "Framework.Api", "src\Framework.Api\Framework.Api.csproj", "{79E38E1E-B145-4EE0-B512-35FA80E3BBEE}"
EndProject
Project("{2150E333-8FDC-42A3-9474-1A3956D46DE8}") = "tests", "tests", "{0AB3BF05-4346-4AA6-1389-037BE0695223}"
EndProject
Project("{FAE04EC0-301F-11D3-BF4B-00C04F79EFBC}") = "Framework.Domain.Tests", "tests\Framework.Domain.Tests\Framework.Domain.Tests.csproj", "{866E6C3D-BB84-42CF-B5BA-8295871A34CD}"
EndProject
Project("{FAE04EC0-301F-11D3-BF4B-00C04F79EFBC}") = "Framework.Application.Tests", "tests\Framework.Application.Tests\Framework.Application.Tests.csproj", "{C7ABAE21-5AF5-44FF-9D29-440C1A6A6BD7}"
EndProject
Project("{FAE04EC0-301F-11D3-BF4B-00C04F79EFBC}") = "Framework.Api.Tests", "tests\Framework.Api.Tests\Framework.Api.Tests.csproj", "{0D52640B-FB07-468D-A32F-3D9AE0512CDC}"
EndProject
Project("{FAE04EC0-301F-11D3-BF4B-00C04F79EFBC}") = "Framework.Infrastructure.Tests", "tests\Framework.Infrastructure.Tests\Framework.Infrastructure.Tests.csproj", "{87C26C25-72EE-467F-A8DA-34A38D9B7A66}"
EndProject
Project("{FAE04EC0-301F-11D3-BF4B-00C04F79EFBC}") = "Framework.Admin", "src\Framework.Admin\Framework.Admin.csproj", "{56A13585-096E-4BDF-BF8E-09D4892D3CDC}"
EndProject
Project("{FAE04EC0-301F-11D3-BF4B-00C04F79EFBC}") = "Framework.Infrastructure.MySql", "src\Framework.Infrastructure.MySql\Framework.Infrastructure.MySql.csproj", "{B3E1466C-C81F-4E0A-BCA8-61D9B9608A65}"
EndProject
Project("{FAE04EC0-301F-11D3-BF4B-00C04F79EFBC}") = "Framework.Infrastructure.SqlServer", "src\Framework.Infrastructure.SqlServer\Framework.Infrastructure.SqlServer.csproj", "{97154361-9062-4905-A74A-33C81E5AAB14}"
EndProject
Project("{FAE04EC0-301F-11D3-BF4B-00C04F79EFBC}") = "Framework.Infrastructure.PostgreSql", "src\Framework.Infrastructure.PostgreSql\Framework.Infrastructure.PostgreSql.csproj", "{3A8F5FCB-175D-4B32-9A9F-71229D0195D2}"
EndProject
Global
	GlobalSection(SolutionConfigurationPlatforms) = preSolution
		Debug|Any CPU = Debug|Any CPU
		Debug|x64 = Debug|x64
		Debug|x86 = Debug|x86
		Release|Any CPU = Release|Any CPU
		Release|x64 = Release|x64
		Release|x86 = Release|x86
	EndGlobalSection
	GlobalSection(ProjectConfigurationPlatforms) = postSolution
		{A2E78BB8-19F3-4DE5-8D4F-C12697A52133}.Debug|Any CPU.ActiveCfg = Debug|Any CPU
		{A2E78BB8-19F3-4DE5-8D4F-C12697A52133}.Debug|Any CPU.Build.0 = Debug|Any CPU
		{A2E78BB8-19F3-4DE5-8D4F-C12697A52133}.Debug|x64.ActiveCfg = Debug|Any CPU
		{A2E78BB8-19F3-4DE5-8D4F-C12697A52133}.Debug|x64.Build.0 = Debug|Any CPU
		{A2E78BB8-19F3-4DE5-8D4F-C12697A52133}.Debug|x86.ActiveCfg = Debug|Any CPU
		{A2E78BB8-19F3-4DE5-8D4F-C12697A52133}.Debug|x86.Build.0 = Debug|Any CPU
		{A2E78BB8-19F3-4DE5-8D4F-C12697A52133}.Release|Any CPU.ActiveCfg = Release|Any CPU
		{A2E78BB8-19F3-4DE5-8D4F-C12697A52133}.Release|Any CPU.Build.0 = Release|Any CPU
		{A2E78BB8-19F3-4DE5-8D4F-C12697A52133}.Release|x64.ActiveCfg = Release|Any CPU
		{A2E78BB8-19F3-4DE5-8D4F-C12697A52133}.Release|x64.Build.0 = Release|Any CPU
		{A2E78BB8-19F3-4DE5-8D4F-C12697A52133}.Release|x86.ActiveCfg = Release|Any CPU
		{A2E78BB8-19F3-4DE5-8D4F-C12697A52133}.Release|x86.Build.0 = Release|Any CPU
		{5A5C3A1A-C911-4CED-80CF-580EE30A4596}.Debug|Any CPU.ActiveCfg = Debug|Any CPU
		{5A5C3A1A-C911-4CED-80CF-580EE30A4596}.Debug|Any CPU.Build.0 = Debug|Any CPU
		{5A5C3A1A-C911-4CED-80CF-580EE30A4596}.Debug|x64.ActiveCfg = Debug|Any CPU
		{5A5C3A1A-C911-4CED-80CF-580EE30A4596}.Debug|x64.Build.0 = Debug|Any CPU
		{5A5C3A1A-C911-4CED-80CF-580EE30A4596}.Debug|x86.ActiveCfg = Debug|Any CPU
		{5A5C3A1A-C911-4CED-80CF-580EE30A4596}.Debug|x86.Build.0 = Debug|Any CPU
		{5A5C3A1A-C911-4CED-80CF-580EE30A4596}.Release|Any CPU.ActiveCfg = Release|Any CPU
		{5A5C3A1A-C911-4CED-80CF-580EE30A4596}.Release|Any CPU.Build.0 = Release|Any CPU
		{5A5C3A1A-C911-4CED-80CF-580EE30A4596}.Release|x64.ActiveCfg = Release|Any CPU
		{5A5C3A1A-C911-4CED-80CF-580EE30A4596}.Release|x64.Build.0 = Release|Any CPU
		{5A5C3A1A-C911-4CED-80CF-580EE30A4596}.Release|x86.ActiveCfg = Release|Any CPU
		{5A5C3A1A-C911-4CED-80CF-580EE30A4596}.Release|x86.Build.0 = Release|Any CPU
		{BF2CAC76-AD03-4F22-B7DD-0E2A8B8AF443}.Debug|Any CPU.ActiveCfg = Debug|Any CPU
		{BF2CAC76-AD03-4F22-B7DD-0E2A8B8AF443}.Debug|Any CPU.Build.0 = Debug|Any CPU
		{BF2CAC76-AD03-4F22-B7DD-0E2A8B8AF443}.Debug|x64.ActiveCfg = Debug|Any CPU
		{BF2CAC76-AD03-4F22-B7DD-0E2A8B8AF443}.Debug|x64.Build.0 = Debug|Any CPU
		{BF2CAC76-AD03-4F22-B7DD-0E2A8B8AF443}.Debug|x86.ActiveCfg = Debug|Any CPU
		{BF2CAC76-AD03-4F22-B7DD-0E2A8B8AF443}.Debug|x86.Build.0 = Debug|Any CPU
		{BF2CAC76-AD03-4F22-B7DD-0E2A8B8AF443}.Release|Any CPU.ActiveCfg = Release|Any CPU
		{BF2CAC76-AD03-4F22-B7DD-0E2A8B8AF443}.Release|Any CPU.Build.0 = Release|Any CPU
		{BF2CAC76-AD03-4F22-B7DD-0E2A8B8AF443}.Release|x64.ActiveCfg = Release|Any CPU
		{BF2CAC76-AD03-4F22-B7DD-0E2A8B8AF443}.Release|x64.Build.0 = Release|Any CPU
		{BF2CAC76-AD03-4F22-B7DD-0E2A8B8AF443}.Release|x86.ActiveCfg = Release|Any CPU
		{BF2CAC76-AD03-4F22-B7DD-0E2A8B8AF443}.Release|x86.Build.0 = Release|Any CPU
		{79E38E1E-B145-4EE0-B512-35FA80E3BBEE}.Debug|Any CPU.ActiveCfg = Debug|Any CPU
		{79E38E1E-B145-4EE0-B512-35FA80E3BBEE}.Debug|Any CPU.Build.0 = Debug|Any CPU
		{79E38E1E-B145-4EE0-B512-35FA80E3BBEE}.Debug|x64.ActiveCfg = Debug|Any CPU
		{79E38E1E-B145-4EE0-B512-35FA80E3BBEE}.Debug|x64.Build.0 = Debug|Any CPU
		{79E38E1E-B145-4EE0-B512-35FA80E3BBEE}.Debug|x86.ActiveCfg = Debug|Any CPU
		{79E38E1E-B145-4EE0-B512-35FA80E3BBEE}.Debug|x86.Build.0 = Debug|Any CPU
		{79E38E1E-B145-4EE0-B512-35FA80E3BBEE}.Release|Any CPU.ActiveCfg = Release|Any CPU
		{79E38E1E-B145-4EE0-B512-35FA80E3BBEE}.Release|Any CPU.Build.0 = Release|Any CPU
		{79E38E1E-B145-4EE0-B512-35FA80E3BBEE}.Release|x64.ActiveCfg = Release|Any CPU
		{79E38E1E-B145-4EE0-B512-35FA80E3BBEE}.Release|x64.Build.0 = Release|Any CPU
		{79E38E1E-B145-4EE0-B512-35FA80E3BBEE}.Release|x86.ActiveCfg = Release|Any CPU
		{79E38E1E-B145-4EE0-B512-35FA80E3BBEE}.Release|x86.Build.0 = Release|Any CPU
		{866E6C3D-BB84-42CF-B5BA-8295871A34CD}.Debug|Any CPU.ActiveCfg = Debug|Any CPU
		{866E6C3D-BB84-42CF-B5BA-8295871A34CD}.Debug|Any CPU.Build.0 = Debug|Any CPU
		{866E6C3D-BB84-42CF-B5BA-8295871A34CD}.Debug|x64.ActiveCfg = Debug|Any CPU
		{866E6C3D-BB84-42CF-B5BA-8295871A34CD}.Debug|x64.Build.0 = Debug|Any CPU
		{866E6C3D-BB84-42CF-B5BA-8295871A34CD}.Debug|x86.ActiveCfg = Debug|Any CPU
		{866E6C3D-BB84-42CF-B5BA-8295871A34CD}.Debug|x86.Build.0 = Debug|Any CPU
		{866E6C3D-BB84-42CF-B5BA-8295871A34CD}.Release|Any CPU.ActiveCfg = Release|Any CPU
		{866E6C3D-BB84-42CF-B5BA-8295871A34CD}.Release|Any CPU.Build.0 = Release|Any CPU
		{866E6C3D-BB84-42CF-B5BA-8295871A34CD}.Release|x64.ActiveCfg = Release|Any CPU
		{866E6C3D-BB84-42CF-B5BA-8295871A34CD}.Release|x64.Build.0 = Release|Any CPU
		{866E6C3D-BB84-42CF-B5BA-8295871A34CD}.Release|x86.ActiveCfg = Release|Any CPU
		{866E6C3D-BB84-42CF-B5BA-8295871A34CD}.Release|x86.Build.0 = Release|Any CPU
		{C7ABAE21-5AF5-44FF-9D29-440C1A6A6BD7}.Debug|Any CPU.ActiveCfg = Debug|Any CPU
		{C7ABAE21-5AF5-44FF-9D29-440C1A6A6BD7}.Debug|Any CPU.Build.0 = Debug|Any CPU
		{C7ABAE21-5AF5-44FF-9D29-440C1A6A6BD7}.Debug|x64.ActiveCfg = Debug|Any CPU
		{C7ABAE21-5AF5-44FF-9D29-440C1A6A6BD7}.Debug|x64.Build.0 = Debug|Any CPU
		{C7ABAE21-5AF5-44FF-9D29-440C1A6A6BD7}.Debug|x86.ActiveCfg = Debug|Any CPU
		{C7ABAE21-5AF5-44FF-9D29-440C1A6A6BD7}.Debug|x86.Build.0 = Debug|Any CPU
		{C7ABAE21-5AF5-44FF-9D29-440C1A6A6BD7}.Release|Any CPU.ActiveCfg = Release|Any CPU
		{C7ABAE21-5AF5-44FF-9D29-440C1A6A6BD7}.Release|Any CPU.Build.0 = Release|Any CPU
		{C7ABAE21-5AF5-44FF-9D29-440C1A6A6BD7}.Release|x64.ActiveCfg = Release|Any CPU
		{C7ABAE21-5AF5-44FF-9D29-440C1A6A6BD7}.Release|x64.Build.0 = Release|Any CPU
		{C7ABAE21-5AF5-44FF-9D29-440C1A6A6BD7}.Release|x86.ActiveCfg = Release|Any CPU
		{C7ABAE21-5AF5-44FF-9D29-440C1A6A6BD7}.Release|x86.Build.0 = Release|Any CPU
		{0D52640B-FB07-468D-A32F-3D9AE0512CDC}.Debug|Any CPU.ActiveCfg = Debug|Any CPU
		{0D52640B-FB07-468D-A32F-3D9AE0512CDC}.Debug|Any CPU.Build.0 = Debug|Any CPU
		{0D52640B-FB07-468D-A32F-3D9AE0512CDC}.Debug|x64.ActiveCfg = Debug|Any CPU
		{0D52640B-FB07-468D-A32F-3D9AE0512CDC}.Debug|x64.Build.0 = Debug|Any CPU
		{0D52640B-FB07-468D-A32F-3D9AE0512CDC}.Debug|x86.ActiveCfg = Debug|Any CPU
		{0D52640B-FB07-468D-A32F-3D9AE0512CDC}.Debug|x86.Build.0 = Debug|Any CPU
		{0D52640B-FB07-468D-A32F-3D9AE0512CDC}.Release|Any CPU.ActiveCfg = Release|Any CPU
		{0D52640B-FB07-468D-A32F-3D9AE0512CDC}.Release|Any CPU.Build.0 = Release|Any CPU
		{0D52640B-FB07-468D-A32F-3D9AE0512CDC}.Release|x64.ActiveCfg = Release|Any CPU
		{0D52640B-FB07-468D-A32F-3D9AE0512CDC}.Release|x64.Build.0 = Release|Any CPU
		{0D52640B-FB07-468D-A32F-3D9AE0512CDC}.Release|x86.ActiveCfg = Release|Any CPU
		{0D52640B-FB07-468D-A32F-3D9AE0512CDC}.Release|x86.Build.0 = Release|Any CPU
		{87C26C25-72EE-467F-A8DA-34A38D9B7A66}.Debug|Any CPU.ActiveCfg = Debug|Any CPU
		{87C26C25-72EE-467F-A8DA-34A38D9B7A66}.Debug|Any CPU.Build.0 = Debug|Any CPU
		{87C26C25-72EE-467F-A8DA-34A38D9B7A66}.Debug|x64.ActiveCfg = Debug|Any CPU
		{87C26C25-72EE-467F-A8DA-34A38D9B7A66}.Debug|x64.Build.0 = Debug|Any CPU
		{87C26C25-72EE-467F-A8DA-34A38D9B7A66}.Debug|x86.ActiveCfg = Debug|Any CPU
		{87C26C25-72EE-467F-A8DA-34A38D9B7A66}.Debug|x86.Build.0 = Debug|Any CPU
		{87C26C25-72EE-467F-A8DA-34A38D9B7A66}.Release|Any CPU.ActiveCfg = Release|Any CPU
		{87C26C25-72EE-467F-A8DA-34A38D9B7A66}.Release|Any CPU.Build.0 = Release|Any CPU
		{87C26C25-72EE-467F-A8DA-34A38D9B7A66}.Release|x64.ActiveCfg = Release|Any CPU
		{87C26C25-72EE-467F-A8DA-34A38D9B7A66}.Release|x64.Build.0 = Release|Any CPU
		{87C26C25-72EE-467F-A8DA-34A38D9B7A66}.Release|x86.ActiveCfg = Release|Any CPU
		{87C26C25-72EE-467F-A8DA-34A38D9B7A66}.Release|x86.Build.0 = Release|Any CPU
		{56A13585-096E-4BDF-BF8E-09D4892D3CDC}.Debug|Any CPU.ActiveCfg = Debug|Any CPU
		{56A13585-096E-4BDF-BF8E-09D4892D3CDC}.Debug|Any CPU.Build.0 = Debug|Any CPU
		{56A13585-096E-4BDF-BF8E-09D4892D3CDC}.Debug|x64.ActiveCfg = Debug|Any CPU
		{56A13585-096E-4BDF-BF8E-09D4892D3CDC}.Debug|x64.Build.0 = Debug|Any CPU
		{56A13585-096E-4BDF-BF8E-09D4892D3CDC}.Debug|x86.ActiveCfg = Debug|Any CPU
		{56A13585-096E-4BDF-BF8E-09D4892D3CDC}.Debug|x86.Build.0 = Debug|Any CPU
		{56A13585-096E-4BDF-BF8E-09D4892D3CDC}.Release|Any CPU.ActiveCfg = Release|Any CPU
		{56A13585-096E-4BDF-BF8E-09D4892D3CDC}.Release|Any CPU.Build.0 = Release|Any CPU
		{56A13585-096E-4BDF-BF8E-09D4892D3CDC}.Release|x64.ActiveCfg = Release|Any CPU
		{56A13585-096E-4BDF-BF8E-09D4892D3CDC}.Release|x64.Build.0 = Release|Any CPU
		{56A13585-096E-4BDF-BF8E-09D4892D3CDC}.Release|x86.ActiveCfg = Release|Any CPU
		{56A13585-096E-4BDF-BF8E-09D4892D3CDC}.Release|x86.Build.0 = Release|Any CPU
		{B3E1466C-C81F-4E0A-BCA8-61D9B9608A65}.Debug|Any CPU.ActiveCfg = Debug|Any CPU
		{B3E1466C-C81F-4E0A-BCA8-61D9B9608A65}.Debug|Any CPU.Build.0 = Debug|Any CPU
		{B3E1466C-C81F-4E0A-BCA8-61D9B9608A65}.Debug|x64.ActiveCfg = Debug|Any CPU
		{B3E1466C-C81F-4E0A-BCA8-61D9B9608A65}.Debug|x64.Build.0 = Debug|Any CPU
		{B3E1466C-C81F-4E0A-BCA8-61D9B9608A65}.Debug|x86.ActiveCfg = Debug|Any CPU
		{B3E1466C-C81F-4E0A-BCA8-61D9B9608A65}.Debug|x86.Build.0 = Debug|Any CPU
		{B3E1466C-C81F-4E0A-BCA8-61D9B9608A65}.Release|Any CPU.ActiveCfg = Release|Any CPU
		{B3E1466C-C81F-4E0A-BCA8-61D9B9608A65}.Release|Any CPU.Build.0 = Release|Any CPU
		{B3E1466C-C81F-4E0A-BCA8-61D9B9608A65}.Release|x64.ActiveCfg = Release|Any CPU
		{B3E1466C-C81F-4E0A-BCA8-61D9B9608A65}.Release|x64.Build.0 = Release|Any CPU
		{B3E1466C-C81F-4E0A-BCA8-61D9B9608A65}.Release|x86.ActiveCfg = Release|Any CPU
		{B3E1466C-C81F-4E0A-BCA8-61D9B9608A65}.Release|x86.Build.0 = Release|Any CPU
		{97154361-9062-4905-A74A-33C81E5AAB14}.Debug|Any CPU.ActiveCfg = Debug|Any CPU
		{97154361-9062-4905-A74A-33C81E5AAB14}.Debug|Any CPU.Build.0 = Debug|Any CPU
		{97154361-9062-4905-A74A-33C81E5AAB14}.Debug|x64.ActiveCfg = Debug|Any CPU
		{97154361-9062-4905-A74A-33C81E5AAB14}.Debug|x64.Build.0 = Debug|Any CPU
		{97154361-9062-4905-A74A-33C81E5AAB14}.Debug|x86.ActiveCfg = Debug|Any CPU
		{97154361-9062-4905-A74A-33C81E5AAB14}.Debug|x86.Build.0 = Debug|Any CPU
		{97154361-9062-4905-A74A-33C81E5AAB14}.Release|Any CPU.ActiveCfg = Release|Any CPU
		{97154361-9062-4905-A74A-33C81E5AAB14}.Release|Any CPU.Build.0 = Release|Any CPU
		{97154361-9062-4905-A74A-33C81E5AAB14}.Release|x64.ActiveCfg = Release|Any CPU
		{97154361-9062-4905-A74A-33C81E5AAB14}.Release|x64.Build.0 = Release|Any CPU
		{97154361-9062-4905-A74A-33C81E5AAB14}.Release|x86.ActiveCfg = Release|Any CPU
		{97154361-9062-4905-A74A-33C81E5AAB14}.Release|x86.Build.0 = Release|Any CPU
		{3A8F5FCB-175D-4B32-9A9F-71229D0195D2}.Debug|Any CPU.ActiveCfg = Debug|Any CPU
		{3A8F5FCB-175D-4B32-9A9F-71229D0195D2}.Debug|Any CPU.Build.0 = Debug|Any CPU
		{3A8F5FCB-175D-4B32-9A9F-71229D0195D2}.Debug|x64.ActiveCfg = Debug|Any CPU
		{3A8F5FCB-175D-4B32-9A9F-71229D0195D2}.Debug|x64.Build.0 = Debug|Any CPU
		{3A8F5FCB-175D-4B32-9A9F-71229D0195D2}.Debug|x86.ActiveCfg = Debug|Any CPU
		{3A8F5FCB-175D-4B32-9A9F-71229D0195D2}.Debug|x86.Build.0 = Debug|Any CPU
		{3A8F5FCB-175D-4B32-9A9F-71229D0195D2}.Release|Any CPU.ActiveCfg = Release|Any CPU
		{3A8F5FCB-175D-4B32-9A9F-71229D0195D2}.Release|Any CPU.Build.0 = Release|Any CPU
		{3A8F5FCB-175D-4B32-9A9F-71229D0195D2}.Release|x64.ActiveCfg = Release|Any CPU
		{3A8F5FCB-175D-4B32-9A9F-71229D0195D2}.Release|x64.Build.0 = Release|Any CPU
		{3A8F5FCB-175D-4B32-9A9F-71229D0195D2}.Release|x86.ActiveCfg = Release|Any CPU
		{3A8F5FCB-175D-4B32-9A9F-71229D0195D2}.Release|x86.Build.0 = Release|Any CPU
	EndGlobalSection
	GlobalSection(SolutionProperties) = preSolution
		HideSolutionNode = FALSE
	EndGlobalSection
	GlobalSection(NestedProjects) = preSolution
		{A2E78BB8-19F3-4DE5-8D4F-C12697A52133} = {827E0CD3-B72D-47B6-A68D-7590B98EB39B}
		{5A5C3A1A-C911-4CED-80CF-580EE30A4596} = {827E0CD3-B72D-47B6-A68D-7590B98EB39B}
		{BF2CAC76-AD03-4F22-B7DD-0E2A8B8AF443} = {827E0CD3-B72D-47B6-A68D-7590B98EB39B}
		{79E38E1E-B145-4EE0-B512-35FA80E3BBEE} = {827E0CD3-B72D-47B6-A68D-7590B98EB39B}
		{866E6C3D-BB84-42CF-B5BA-8295871A34CD} = {0AB3BF05-4346-4AA6-1389-037BE0695223}
		{C7ABAE21-5AF5-44FF-9D29-440C1A6A6BD7} = {0AB3BF05-4346-4AA6-1389-037BE0695223}
		{0D52640B-FB07-468D-A32F-3D9AE0512CDC} = {0AB3BF05-4346-4AA6-1389-037BE0695223}
		{87C26C25-72EE-467F-A8DA-34A38D9B7A66} = {0AB3BF05-4346-4AA6-1389-037BE0695223}
		{56A13585-096E-4BDF-BF8E-09D4892D3CDC} = {827E0CD3-B72D-47B6-A68D-7590B98EB39B}
		{B3E1466C-C81F-4E0A-BCA8-61D9B9608A65} = {827E0CD3-B72D-47B6-A68D-7590B98EB39B}
		{97154361-9062-4905-A74A-33C81E5AAB14} = {827E0CD3-B72D-47B6-A68D-7590B98EB39B}
		{3A8F5FCB-175D-4B32-9A9F-71229D0195D2} = {827E0CD3-B72D-47B6-A68D-7590B98EB39B}
	EndGlobalSection
EndGlobal
